
Microsoft Visual Studio Solution File, Format Version 12.00
# Visual Studio 15
VisualStudioVersion = 15.0.27004.2002
MinimumVisualStudioVersion = 10.0.40219.1
Project("{FAE04EC0-301F-11D3-BF4B-00C04F79EFBC}") = "Secucard.Connect.DemoWebApp", "Secucard.Connect.DemoWebApp\Secucard.Connect.DemoWebApp.csproj", "{6136F335-F4D4-4623-BC28-72A19C523BBB}"
EndProject
Global
	GlobalSection(SolutionConfigurationPlatforms) = preSolution
		Debug|Any CPU = Debug|Any CPU
		Release|Any CPU = Release|Any CPU
	EndGlobalSection
	GlobalSection(ProjectConfigurationPlatforms) = postSolution
		{6136F335-F4D4-4623-BC28-72A19C523BBB}.Debug|Any CPU.ActiveCfg = Debug|Any CPU
		{6136F335-F4D4-4623-BC28-72A19C523BBB}.Debug|Any CPU.Build.0 = Debug|Any CPU
		{6136F335-F4D4-4623-BC28-72A19C523BBB}.Release|Any CPU.ActiveCfg = Release|Any CPU
		{6136F335-F4D4-4623-BC28-72A19C523BBB}.Release|Any CPU.Build.0 = Release|Any CPU
	EndGlobalSection
	GlobalSection(SolutionProperties) = preSolution
		HideSolutionNode = FALSE
	EndGlobalSection
	GlobalSection(ExtensibilityGlobals) = postSolution
		SolutionGuid = {23DBC773-BC91-48C5-9D13-2A60C475AC06}
	EndGlobalSection
EndGlobal
